
Microsoft Visual Studio Solution File, Format Version 12.00
# Visual Studio 2012
Project("{FAE04EC0-301F-11D3-BF4B-00C04F79EFBC}") = "GoogleKeywordPopularityFinder", "GoogleKeywordPopularityFinder.csproj", "{941A1CD9-E653-4971-9CCC-497DE5FBD32E}"
EndProject
Global
	GlobalSection(SolutionConfigurationPlatforms) = preSolution
		Debug|x86 = Debug|x86
		Release|x86 = Release|x86
	EndGlobalSection
	GlobalSection(ProjectConfigurationPlatforms) = postSolution
		{941A1CD9-E653-4971-9CCC-497DE5FBD32E}.Debug|x86.ActiveCfg = Debug|x86
		{941A1CD9-E653-4971-9CCC-497DE5FBD32E}.Debug|x86.Build.0 = Debug|x86
		{941A1CD9-E653-4971-9CCC-497DE5FBD32E}.Release|x86.ActiveCfg = Release|x86
		{941A1CD9-E653-4971-9CCC-497DE5FBD32E}.Release|x86.Build.0 = Release|x86
	EndGlobalSection
	GlobalSection(MonoDevelopProperties) = preSolution
		Policies = $0
		$0.DotNetNamingPolicy = $1
		$1.DirectoryNamespaceAssociation = None
		$1.ResourceNamePolicy = FileName
		$0.TextStylePolicy = $2
		$2.inheritsSet = VisualStudio
		$2.scope = text/plain
		$2.FileWidth = 120
		$2.TabsToSpaces = False
		$2.inheritsScope = text/plain
		$0.CSharpFormattingPolicy = $3
		$3.inheritsSet = Mono
		$3.inheritsScope = text/x-csharp
		$3.scope = text/x-csharp
		$0.StandardHeader = $4
		$4.Text = 
		$4.IncludeInNewFiles = True
		$0.NameConventionPolicy = $5
		$5.Rules = $6
		$6.NamingRule = $7
		$7.Name = Type Parameters
		$7.AffectedEntity = TypeParameter
		$7.VisibilityMask = VisibilityMask
		$7.NamingStyle = PascalCase
		$7.IncludeInstanceMembers = True
		$7.IncludeStaticEntities = True
		$7.RequiredPrefixes = $8
		$8.String = T
		$7.RequiredSuffixes = $9
		$9.String = Exception
		$0.VersionControlPolicy = $10
		$10.CommitMessageStyle = $11
		$11.LastFilePostfix = "@:\n  "
		$11.IncludeDirectoryPaths = True
		$10.inheritsSet = Mono
	EndGlobalSection
EndGlobal
